// !$*UTF8*$!
{
	archiveVersion = 1;
	classes = {
	};
	objectVersion = 50;
	objects = {

/* Begin PBXBuildFile section */
		41704BBD25CDE52B00941F84 /* AppDelegate.swift in Sources */ = {isa = PBXBuildFile; fileRef = 41704BBC25CDE52B00941F84 /* AppDelegate.swift */; };
		41704BBF25CDE52B00941F84 /* SceneDelegate.swift in Sources */ = {isa = PBXBuildFile; fileRef = 41704BBE25CDE52B00941F84 /* SceneDelegate.swift */; };
		41704BC125CDE52B00941F84 /* ViewController.swift in Sources */ = {isa = PBXBuildFile; fileRef = 41704BC025CDE52B00941F84 /* ViewController.swift */; };
		41704BC425CDE52B00941F84 /* Main.storyboard in Resources */ = {isa = PBXBuildFile; fileRef = 41704BC225CDE52B00941F84 /* Main.storyboard */; };
		41704BC625CDE52E00941F84 /* Assets.xcassets in Resources */ = {isa = PBXBuildFile; fileRef = 41704BC525CDE52E00941F84 /* Assets.xcassets */; };
		41704BC925CDE52E00941F84 /* LaunchScreen.storyboard in Resources */ = {isa = PBXBuildFile; fileRef = 41704BC725CDE52E00941F84 /* LaunchScreen.storyboard */; };
		41704BD425CDE52F00941F84 /* IMCCalculatorTests.swift in Sources */ = {isa = PBXBuildFile; fileRef = 41704BD325CDE52F00941F84 /* IMCCalculatorTests.swift */; };
		41704BDF25CDE52F00941F84 /* IMCCalculatorUITests.swift in Sources */ = {isa = PBXBuildFile; fileRef = 41704BDE25CDE52F00941F84 /* IMCCalculatorUITests.swift */; };
		41704BF025CDEE6100941F84 /* ResultScreenViewController.swift in Sources */ = {isa = PBXBuildFile; fileRef = 41704BEF25CDEE6100941F84 /* ResultScreenViewController.swift */; };
/* End PBXBuildFile section */

/* Begin PBXContainerItemProxy section */
		41704BD025CDE52F00941F84 /* PBXContainerItemProxy */ = {
			isa = PBXContainerItemProxy;
			containerPortal = 41704BB125CDE52B00941F84 /* Project object */;
			proxyType = 1;
			remoteGlobalIDString = 41704BB825CDE52B00941F84;
			remoteInfo = IMCCalculator;
		};
		41704BDB25CDE52F00941F84 /* PBXContainerItemProxy */ = {
			isa = PBXContainerItemProxy;
			containerPortal = 41704BB125CDE52B00941F84 /* Project object */;
			proxyType = 1;
			remoteGlobalIDString = 41704BB825CDE52B00941F84;
			remoteInfo = IMCCalculator;
		};
/* End PBXContainerItemProxy section */

/* Begin PBXFileReference section */
		41704BB925CDE52B00941F84 /* IMCCalculator.app */ = {isa = PBXFileReference; explicitFileType = wrapper.application; includeInIndex = 0; path = IMCCalculator.app; sourceTree = BUILT_PRODUCTS_DIR; };
		41704BBC25CDE52B00941F84 /* AppDelegate.swift */ = {isa = PBXFileReference; lastKnownFileType = sourcecode.swift; path = AppDelegate.swift; sourceTree = "<group>"; };
		41704BBE25CDE52B00941F84 /* SceneDelegate.swift */ = {isa = PBXFileReference; lastKnownFileType = sourcecode.swift; path = SceneDelegate.swift; sourceTree = "<group>"; };
		41704BC025CDE52B00941F84 /* ViewController.swift */ = {isa = PBXFileReference; lastKnownFileType = sourcecode.swift; path = ViewController.swift; sourceTree = "<group>"; };
		41704BC325CDE52B00941F84 /* Base */ = {isa = PBXFileReference; lastKnownFileType = file.storyboard; name = Base; path = Base.lproj/Main.storyboard; sourceTree = "<group>"; };
		41704BC525CDE52E00941F84 /* Assets.xcassets */ = {isa = PBXFileReference; lastKnownFileType = folder.assetcatalog; path = Assets.xcassets; sourceTree = "<group>"; };
		41704BC825CDE52E00941F84 /* Base */ = {isa = PBXFileReference; lastKnownFileType = file.storyboard; name = Base; path = Base.lproj/LaunchScreen.storyboard; sourceTree = "<group>"; };
		41704BCA25CDE52E00941F84 /* Info.plist */ = {isa = PBXFileReference; lastKnownFileType = text.plist.xml; path = Info.plist; sourceTree = "<group>"; };
		41704BCF25CDE52F00941F84 /* IMCCalculatorTests.xctest */ = {isa = PBXFileReference; explicitFileType = wrapper.cfbundle; includeInIndex = 0; path = IMCCalculatorTests.xctest; sourceTree = BUILT_PRODUCTS_DIR; };
		41704BD325CDE52F00941F84 /* IMCCalculatorTests.swift */ = {isa = PBXFileReference; lastKnownFileType = sourcecode.swift; path = IMCCalculatorTests.swift; sourceTree = "<group>"; };
		41704BD525CDE52F00941F84 /* Info.plist */ = {isa = PBXFileReference; lastKnownFileType = text.plist.xml; path = Info.plist; sourceTree = "<group>"; };
		41704BDA25CDE52F00941F84 /* IMCCalculatorUITests.xctest */ = {isa = PBXFileReference; explicitFileType = wrapper.cfbundle; includeInIndex = 0; path = IMCCalculatorUITests.xctest; sourceTree = BUILT_PRODUCTS_DIR; };
		41704BDE25CDE52F00941F84 /* IMCCalculatorUITests.swift */ = {isa = PBXFileReference; lastKnownFileType = sourcecode.swift; path = IMCCalculatorUITests.swift; sourceTree = "<group>"; };
		41704BE025CDE52F00941F84 /* Info.plist */ = {isa = PBXFileReference; lastKnownFileType = text.plist.xml; path = Info.plist; sourceTree = "<group>"; };
		41704BEF25CDEE6100941F84 /* ResultScreenViewController.swift */ = {isa = PBXFileReference; lastKnownFileType = sourcecode.swift; path = ResultScreenViewController.swift; sourceTree = "<group>"; };
/* End PBXFileReference section */

/* Begin PBXFrameworksBuildPhase section */
		41704BB625CDE52B00941F84 /* Frameworks */ = {
			isa = PBXFrameworksBuildPhase;
			buildActionMask = 2147483647;
			files = (
			);
			runOnlyForDeploymentPostprocessing = 0;
		};
		41704BCC25CDE52F00941F84 /* Frameworks */ = {
			isa = PBXFrameworksBuildPhase;
			buildActionMask = 2147483647;
			files = (
			);
			runOnlyForDeploymentPostprocessing = 0;
		};
		41704BD725CDE52F00941F84 /* Frameworks */ = {
			isa = PBXFrameworksBuildPhase;
			buildActionMask = 2147483647;
			files = (
			);
			runOnlyForDeploymentPostprocessing = 0;
		};
/* End PBXFrameworksBuildPhase section */

/* Begin PBXGroup section */
		41704BB025CDE52B00941F84 = {
			isa = PBXGroup;
			children = (
				41704BBB25CDE52B00941F84 /* IMCCalculator */,
				41704BD225CDE52F00941F84 /* IMCCalculatorTests */,
				41704BDD25CDE52F00941F84 /* IMCCalculatorUITests */,
				41704BBA25CDE52B00941F84 /* Products */,
			);
			sourceTree = "<group>";
		};
		41704BBA25CDE52B00941F84 /* Products */ = {
			isa = PBXGroup;
			children = (
				41704BB925CDE52B00941F84 /* IMCCalculator.app */,
				41704BCF25CDE52F00941F84 /* IMCCalculatorTests.xctest */,
				41704BDA25CDE52F00941F84 /* IMCCalculatorUITests.xctest */,
			);
			name = Products;
			sourceTree = "<group>";
		};
		41704BBB25CDE52B00941F84 /* IMCCalculator */ = {
			isa = PBXGroup;
			children = (
				41704BBC25CDE52B00941F84 /* AppDelegate.swift */,
				41704BBE25CDE52B00941F84 /* SceneDelegate.swift */,
				41704BC025CDE52B00941F84 /* ViewController.swift */,
				41704BEF25CDEE6100941F84 /* ResultScreenViewController.swift */,
				41704BC225CDE52B00941F84 /* Main.storyboard */,
				41704BC525CDE52E00941F84 /* Assets.xcassets */,
				41704BC725CDE52E00941F84 /* LaunchScreen.storyboard */,
				41704BCA25CDE52E00941F84 /* Info.plist */,
			);
			path = IMCCalculator;
			sourceTree = "<group>";
		};
		41704BD225CDE52F00941F84 /* IMCCalculatorTests */ = {
			isa = PBXGroup;
			children = (
				41704BD325CDE52F00941F84 /* IMCCalculatorTests.swift */,
				41704BD525CDE52F00941F84 /* Info.plist */,
			);
			path = IMCCalculatorTests;
			sourceTree = "<group>";
		};
		41704BDD25CDE52F00941F84 /* IMCCalculatorUITests */ = {
			isa = PBXGroup;
			children = (
				41704BDE25CDE52F00941F84 /* IMCCalculatorUITests.swift */,
				41704BE025CDE52F00941F84 /* Info.plist */,
			);
			path = IMCCalculatorUITests;
			sourceTree = "<group>";
		};
/* End PBXGroup section */

/* Begin PBXNativeTarget section */
		41704BB825CDE52B00941F84 /* IMCCalculator */ = {
			isa = PBXNativeTarget;
			buildConfigurationList = 41704BE325CDE52F00941F84 /* Build configuration list for PBXNativeTarget "IMCCalculator" */;
			buildPhases = (
				41704BB525CDE52B00941F84 /* Sources */,
				41704BB625CDE52B00941F84 /* Frameworks */,
				41704BB725CDE52B00941F84 /* Resources */,
			);
			buildRules = (
			);
			dependencies = (
			);
			name = IMCCalculator;
			productName = IMCCalculator;
			productReference = 41704BB925CDE52B00941F84 /* IMCCalculator.app */;
			productType = "com.apple.product-type.application";
		};
		41704BCE25CDE52F00941F84 /* IMCCalculatorTests */ = {
			isa = PBXNativeTarget;
			buildConfigurationList = 41704BE625CDE52F00941F84 /* Build configuration list for PBXNativeTarget "IMCCalculatorTests" */;
			buildPhases = (
				41704BCB25CDE52F00941F84 /* Sources */,
				41704BCC25CDE52F00941F84 /* Frameworks */,
				41704BCD25CDE52F00941F84 /* Resources */,
			);
			buildRules = (
			);
			dependencies = (
				41704BD125CDE52F00941F84 /* PBXTargetDependency */,
			);
			name = IMCCalculatorTests;
			productName = IMCCalculatorTests;
			productReference = 41704BCF25CDE52F00941F84 /* IMCCalculatorTests.xctest */;
			productType = "com.apple.product-type.bundle.unit-test";
		};
		41704BD925CDE52F00941F84 /* IMCCalculatorUITests */ = {
			isa = PBXNativeTarget;
			buildConfigurationList = 41704BE925CDE52F00941F84 /* Build configuration list for PBXNativeTarget "IMCCalculatorUITests" */;
			buildPhases = (
				41704BD625CDE52F00941F84 /* Sources */,
				41704BD725CDE52F00941F84 /* Frameworks */,
				41704BD825CDE52F00941F84 /* Resources */,
			);
			buildRules = (
			);
			dependencies = (
				41704BDC25CDE52F00941F84 /* PBXTargetDependency */,
			);
			name = IMCCalculatorUITests;
			productName = IMCCalculatorUITests;
			productReference = 41704BDA25CDE52F00941F84 /* IMCCalculatorUITests.xctest */;
			productType = "com.apple.product-type.bundle.ui-testing";
		};
/* End PBXNativeTarget section */

/* Begin PBXProject section */
		41704BB125CDE52B00941F84 /* Project object */ = {
			isa = PBXProject;
			attributes = {
				LastSwiftUpdateCheck = 1240;
				LastUpgradeCheck = 1240;
				TargetAttributes = {
					41704BB825CDE52B00941F84 = {
						CreatedOnToolsVersion = 12.4;
					};
					41704BCE25CDE52F00941F84 = {
						CreatedOnToolsVersion = 12.4;
						TestTargetID = 41704BB825CDE52B00941F84;
					};
					41704BD925CDE52F00941F84 = {
						CreatedOnToolsVersion = 12.4;
						TestTargetID = 41704BB825CDE52B00941F84;
					};
				};
			};
			buildConfigurationList = 41704BB425CDE52B00941F84 /* Build configuration list for PBXProject "IMCCalculator" */;
			compatibilityVersion = "Xcode 9.3";
			developmentRegion = en;
			hasScannedForEncodings = 0;
			knownRegions = (
				en,
				Base,
			);
			mainGroup = 41704BB025CDE52B00941F84;
			productRefGroup = 41704BBA25CDE52B00941F84 /* Products */;
			projectDirPath = "";
			projectRoot = "";
			targets = (
				41704BB825CDE52B00941F84 /* IMCCalculator */,
				41704BCE25CDE52F00941F84 /* IMCCalculatorTests */,
				41704BD925CDE52F00941F84 /* IMCCalculatorUITests */,
			);
		};
/* End PBXProject section */

/* Begin PBXResourcesBuildPhase section */
		41704BB725CDE52B00941F84 /* Resources */ = {
			isa = PBXResourcesBuildPhase;
			buildActionMask = 2147483647;
			files = (
				41704BC925CDE52E00941F84 /* LaunchScreen.storyboard in Resources */,
				41704BC625CDE52E00941F84 /* Assets.xcassets in Resources */,
				41704BC425CDE52B00941F84 /* Main.storyboard in Resources */,
			);
			runOnlyForDeploymentPostprocessing = 0;
		};
		41704BCD25CDE52F00941F84 /* Resources */ = {
			isa = PBXResourcesBuildPhase;
			buildActionMask = 2147483647;
			files = (
			);
			runOnlyForDeploymentPostprocessing = 0;
		};
		41704BD825CDE52F00941F84 /* Resources */ = {
			isa = PBXResourcesBuildPhase;
			buildActionMask = 2147483647;
			files = (
			);
			runOnlyForDeploymentPostprocessing = 0;
		};
/* End PBXResourcesBuildPhase section */

/* Begin PBXSourcesBuildPhase section */
		41704BB525CDE52B00941F84 /* Sources */ = {
			isa = PBXSourcesBuildPhase;
			buildActionMask = 2147483647;
			files = (
				41704BC125CDE52B00941F84 /* ViewController.swift in Sources */,
				41704BBD25CDE52B00941F84 /* AppDelegate.swift in Sources */,
				41704BF025CDEE6100941F84 /* ResultScreenViewController.swift in Sources */,
				41704BBF25CDE52B00941F84 /* SceneDelegate.swift in Sources */,
			);
			runOnlyForDeploymentPostprocessing = 0;
		};
		41704BCB25CDE52F00941F84 /* Sources */ = {
			isa = PBXSourcesBuildPhase;
			buildActionMask = 2147483647;
			files = (
				41704BD425CDE52F00941F84 /* IMCCalculatorTests.swift in Sources */,
			);
			runOnlyForDeploymentPostprocessing = 0;
		};
		41704BD625CDE52F00941F84 /* Sources */ = {
			isa = PBXSourcesBuildPhase;
			buildActionMask = 2147483647;
			files = (
				41704BDF25CDE52F00941F84 /* IMCCalculatorUITests.swift in Sources */,
			);
			runOnlyForDeploymentPostprocessing = 0;
		};
/* End PBXSourcesBuildPhase section */

/* Begin PBXTargetDependency section */
		41704BD125CDE52F00941F84 /* PBXTargetDependency */ = {
			isa = PBXTargetDependency;
			target = 41704BB825CDE52B00941F84 /* IMCCalculator */;
			targetProxy = 41704BD025CDE52F00941F84 /* PBXContainerItemProxy */;
		};
		41704BDC25CDE52F00941F84 /* PBXTargetDependency */ = {
			isa = PBXTargetDependency;
			target = 41704BB825CDE52B00941F84 /* IMCCalculator */;
			targetProxy = 41704BDB25CDE52F00941F84 /* PBXContainerItemProxy */;
		};
/* End PBXTargetDependency section */

/* Begin PBXVariantGroup section */
		41704BC225CDE52B00941F84 /* Main.storyboard */ = {
			isa = PBXVariantGroup;
			children = (
				41704BC325CDE52B00941F84 /* Base */,
			);
			name = Main.storyboard;
			sourceTree = "<group>";
		};
		41704BC725CDE52E00941F84 /* LaunchScreen.storyboard */ = {
			isa = PBXVariantGroup;
			children = (
				41704BC825CDE52E00941F84 /* Base */,
			);
			name = LaunchScreen.storyboard;
			sourceTree = "<group>";
		};
/* End PBXVariantGroup section */

/* Begin XCBuildConfiguration section */
		41704BE125CDE52F00941F84 /* Debug */ = {
			isa = XCBuildConfiguration;
			buildSettings = {
				ALWAYS_SEARCH_USER_PATHS = NO;
				CLANG_ANALYZER_NONNULL = YES;
				CLANG_ANALYZER_NUMBER_OBJECT_CONVERSION = YES_AGGRESSIVE;
				CLANG_CXX_LANGUAGE_STANDARD = "gnu++14";
				CLANG_CXX_LIBRARY = "libc++";
				CLANG_ENABLE_MODULES = YES;
				CLANG_ENABLE_OBJC_ARC = YES;
				CLANG_ENABLE_OBJC_WEAK = YES;
				CLANG_WARN_BLOCK_CAPTURE_AUTORELEASING = YES;
				CLANG_WARN_BOOL_CONVERSION = YES;
				CLANG_WARN_COMMA = YES;
				CLANG_WARN_CONSTANT_CONVERSION = YES;
				CLANG_WARN_DEPRECATED_OBJC_IMPLEMENTATIONS = YES;
				CLANG_WARN_DIRECT_OBJC_ISA_USAGE = YES_ERROR;
				CLANG_WARN_DOCUMENTATION_COMMENTS = YES;
				CLANG_WARN_EMPTY_BODY = YES;
				CLANG_WARN_ENUM_CONVERSION = YES;
				CLANG_WARN_INFINITE_RECURSION = YES;
				CLANG_WARN_INT_CONVERSION = YES;
				CLANG_WARN_NON_LITERAL_NULL_CONVERSION = YES;
				CLANG_WARN_OBJC_IMPLICIT_RETAIN_SELF = YES;
				CLANG_WARN_OBJC_LITERAL_CONVERSION = YES;
				CLANG_WARN_OBJC_ROOT_CLASS = YES_ERROR;
				CLANG_WARN_QUOTED_INCLUDE_IN_FRAMEWORK_HEADER = YES;
				CLANG_WARN_RANGE_LOOP_ANALYSIS = YES;
				CLANG_WARN_STRICT_PROTOTYPES = YES;
				CLANG_WARN_SUSPICIOUS_MOVE = YES;
				CLANG_WARN_UNGUARDED_AVAILABILITY = YES_AGGRESSIVE;
				CLANG_WARN_UNREACHABLE_CODE = YES;
				CLANG_WARN__DUPLICATE_METHOD_MATCH = YES;
				COPY_PHASE_STRIP = NO;
				DEBUG_INFORMATION_FORMAT = dwarf;
				ENABLE_STRICT_OBJC_MSGSEND = YES;
				ENABLE_TESTABILITY = YES;
				GCC_C_LANGUAGE_STANDARD = gnu11;
				GCC_DYNAMIC_NO_PIC = NO;
				GCC_NO_COMMON_BLOCKS = YES;
				GCC_OPTIMIZATION_LEVEL = 0;
				GCC_PREPROCESSOR_DEFINITIONS = (
					"DEBUG=1",
					"$(inherited)",
				);
				GCC_WARN_64_TO_32_BIT_CONVERSION = YES;
				GCC_WARN_ABOUT_RETURN_TYPE = YES_ERROR;
				GCC_WARN_UNDECLARED_SELECTOR = YES;
				GCC_WARN_UNINITIALIZED_AUTOS = YES_AGGRESSIVE;
				GCC_WARN_UNUSED_FUNCTION = YES;
				GCC_WARN_UNUSED_VARIABLE = YES;
				IPHONEOS_DEPLOYMENT_TARGET = 14.4;
				MTL_ENABLE_DEBUG_INFO = INCLUDE_SOURCE;
				MTL_FAST_MATH = YES;
				ONLY_ACTIVE_ARCH = YES;
				SDKROOT = iphoneos;
				SWIFT_ACTIVE_COMPILATION_CONDITIONS = DEBUG;
				SWIFT_OPTIMIZATION_LEVEL = "-Onone";
			};
			name = Debug;
		};
		41704BE225CDE52F00941F84 /* Release */ = {
			isa = XCBuildConfiguration;
			buildSettings = {
				ALWAYS_SEARCH_USER_PATHS = NO;
				CLANG_ANALYZER_NONNULL = YES;
				CLANG_ANALYZER_NUMBER_OBJECT_CONVERSION = YES_AGGRESSIVE;
				CLANG_CXX_LANGUAGE_STANDARD = "gnu++14";
				CLANG_CXX_LIBRARY = "libc++";
				CLANG_ENABLE_MODULES = YES;
				CLANG_ENABLE_OBJC_ARC = YES;
				CLANG_ENABLE_OBJC_WEAK = YES;
				CLANG_WARN_BLOCK_CAPTURE_AUTORELEASING = YES;
				CLANG_WARN_BOOL_CONVERSION = YES;
				CLANG_WARN_COMMA = YES;
				CLANG_WARN_CONSTANT_CONVERSION = YES;
				CLANG_WARN_DEPRECATED_OBJC_IMPLEMENTATIONS = YES;
				CLANG_WARN_DIRECT_OBJC_ISA_USAGE = YES_ERROR;
				CLANG_WARN_DOCUMENTATION_COMMENTS = YES;
				CLANG_WARN_EMPTY_BODY = YES;
				CLANG_WARN_ENUM_CONVERSION = YES;
				CLANG_WARN_INFINITE_RECURSION = YES;
				CLANG_WARN_INT_CONVERSION = YES;
				CLANG_WARN_NON_LITERAL_NULL_CONVERSION = YES;
				CLANG_WARN_OBJC_IMPLICIT_RETAIN_SELF = YES;
				CLANG_WARN_OBJC_LITERAL_CONVERSION = YES;
				CLANG_WARN_OBJC_ROOT_CLASS = YES_ERROR;
				CLANG_WARN_QUOTED_INCLUDE_IN_FRAMEWORK_HEADER = YES;
				CLANG_WARN_RANGE_LOOP_ANALYSIS = YES;
				CLANG_WARN_STRICT_PROTOTYPES = YES;
				CLANG_WARN_SUSPICIOUS_MOVE = YES;
				CLANG_WARN_UNGUARDED_AVAILABILITY = YES_AGGRESSIVE;
				CLANG_WARN_UNREACHABLE_CODE = YES;
				CLANG_WARN__DUPLICATE_METHOD_MATCH = YES;
				COPY_PHASE_STRIP = NO;
				DEBUG_INFORMATION_FORMAT = "dwarf-with-dsym";
				ENABLE_NS_ASSERTIONS = NO;
				ENABLE_STRICT_OBJC_MSGSEND = YES;
				GCC_C_LANGUAGE_STANDARD = gnu11;
				GCC_NO_COMMON_BLOCKS = YES;
				GCC_WARN_64_TO_32_BIT_CONVERSION = YES;
				GCC_WARN_ABOUT_RETURN_TYPE = YES_ERROR;
				GCC_WARN_UNDECLARED_SELECTOR = YES;
				GCC_WARN_UNINITIALIZED_AUTOS = YES_AGGRESSIVE;
				GCC_WARN_UNUSED_FUNCTION = YES;
				GCC_WARN_UNUSED_VARIABLE = YES;
				IPHONEOS_DEPLOYMENT_TARGET = 14.4;
				MTL_ENABLE_DEBUG_INFO = NO;
				MTL_FAST_MATH = YES;
				SDKROOT = iphoneos;
				SWIFT_COMPILATION_MODE = wholemodule;
				SWIFT_OPTIMIZATION_LEVEL = "-O";
				VALIDATE_PRODUCT = YES;
			};
			name = Release;
		};
		41704BE425CDE52F00941F84 /* Debug */ = {
			isa = XCBuildConfiguration;
			buildSettings = {
				ASSETCATALOG_COMPILER_APPICON_NAME = AppIcon;
				ASSETCATALOG_COMPILER_GLOBAL_ACCENT_COLOR_NAME = AccentColor;
				CODE_SIGN_STYLE = Automatic;
				DEVELOPMENT_TEAM = CPDNCAZJQ6;
				INFOPLIST_FILE = IMCCalculator/Info.plist;
				LD_RUNPATH_SEARCH_PATHS = (
					"$(inherited)",
					"@executable_path/Frameworks",
				);
				PRODUCT_BUNDLE_IDENTIFIER = com.renatomateusx.IMCCalculator;
				PRODUCT_NAME = "$(TARGET_NAME)";
				SWIFT_VERSION = 5.0;
				TARGETED_DEVICE_FAMILY = "1,2";
			};
			name = Debug;
		};
		41704BE525CDE52F00941F84 /* Release */ = {
			isa = XCBuildConfiguration;
			buildSettings = {
				ASSETCATALOG_COMPILER_APPICON_NAME = AppIcon;
				ASSETCATALOG_COMPILER_GLOBAL_ACCENT_COLOR_NAME = AccentColor;
				CODE_SIGN_STYLE = Automatic;
				DEVELOPMENT_TEAM = CPDNCAZJQ6;
				INFOPLIST_FILE = IMCCalculator/Info.plist;
				LD_RUNPATH_SEARCH_PATHS = (
					"$(inherited)",
					"@executable_path/Frameworks",
				);
				PRODUCT_BUNDLE_IDENTIFIER = com.renatomateusx.IMCCalculator;
				PRODUCT_NAME = "$(TARGET_NAME)";
				SWIFT_VERSION = 5.0;
				TARGETED_DEVICE_FAMILY = "1,2";
			};
			name = Release;
		};
		41704BE725CDE52F00941F84 /* Debug */ = {
			isa = XCBuildConfiguration;
			buildSettings = {
				ALWAYS_EMBED_SWIFT_STANDARD_LIBRARIES = YES;
				BUNDLE_LOADER = "$(TEST_HOST)";
				CODE_SIGN_STYLE = Automatic;
				DEVELOPMENT_TEAM = CPDNCAZJQ6;
				INFOPLIST_FILE = IMCCalculatorTests/Info.plist;
				IPHONEOS_DEPLOYMENT_TARGET = 14.4;
				LD_RUNPATH_SEARCH_PATHS = (
					"$(inherited)",
					"@executable_path/Frameworks",
					"@loader_path/Frameworks",
				);
				PRODUCT_BUNDLE_IDENTIFIER = com.renatomateusx.IMCCalculatorTests;
				PRODUCT_NAME = "$(TARGET_NAME)";
				SWIFT_VERSION = 5.0;
				TARGETED_DEVICE_FAMILY = "1,2";
				TEST_HOST = "$(BUILT_PRODUCTS_DIR)/IMCCalculator.app/IMCCalculator";
			};
			name = Debug;
		};
		41704BE825CDE52F00941F84 /* Release */ = {
			isa = XCBuildConfiguration;
			buildSettings = {
				ALWAYS_EMBED_SWIFT_STANDARD_LIBRARIES = YES;
				BUNDLE_LOADER = "$(TEST_HOST)";
				CODE_SIGN_STYLE = Automatic;
				DEVELOPMENT_TEAM = CPDNCAZJQ6;
				INFOPLIST_FILE = IMCCalculatorTests/Info.plist;
				IPHONEOS_DEPLOYMENT_TARGET = 14.4;
				LD_RUNPATH_SEARCH_PATHS = (
					"$(inherited)",
					"@executable_path/Frameworks",
					"@loader_path/Frameworks",
				);
				PRODUCT_BUNDLE_IDENTIFIER = com.renatomateusx.IMCCalculatorTests;
				PRODUCT_NAME = "$(TARGET_NAME)";
				SWIFT_VERSION = 5.0;
				TARGETED_DEVICE_FAMILY = "1,2";
				TEST_HOST = "$(BUILT_PRODUCTS_DIR)/IMCCalculator.app/IMCCalculator";
			};
			name = Release;
		};
		41704BEA25CDE52F00941F84 /* Debug */ = {
			isa = XCBuildConfiguration;
			buildSettings = {
				ALWAYS_EMBED_SWIFT_STANDARD_LIBRARIES = YES;
				CODE_SIGN_STYLE = Automatic;
				DEVELOPMENT_TEAM = CPDNCAZJQ6;
				INFOPLIST_FILE = IMCCalculatorUITests/Info.plist;
				LD_RUNPATH_SEARCH_PATHS = (
					"$(inherited)",
					"@executable_path/Frameworks",
					"@loader_path/Frameworks",
				);
				PRODUCT_BUNDLE_IDENTIFIER = com.renatomateusx.IMCCalculatorUITests;
				PRODUCT_NAME = "$(TARGET_NAME)";
				SWIFT_VERSION = 5.0;
				TARGETED_DEVICE_FAMILY = "1,2";
				TEST_TARGET_NAME = IMCCalculator;
			};
			name = Debug;
		};
		41704BEB25CDE52F00941F84 /* Release */ = {
			isa = XCBuildConfiguration;
			buildSettings = {
				ALWAYS_EMBED_SWIFT_STANDARD_LIBRARIES = YES;
				CODE_SIGN_STYLE = Automatic;
				DEVELOPMENT_TEAM = CPDNCAZJQ6;
				INFOPLIST_FILE = IMCCalculatorUITests/Info.plist;
				LD_RUNPATH_SEARCH_PATHS = (
					"$(inherited)",
					"@executable_path/Frameworks",
					"@loader_path/Frameworks",
				);
				PRODUCT_BUNDLE_IDENTIFIER = com.renatomateusx.IMCCalculatorUITests;
				PRODUCT_NAME = "$(TARGET_NAME)";
				SWIFT_VERSION = 5.0;
				TARGETED_DEVICE_FAMILY = "1,2";
				TEST_TARGET_NAME = IMCCalculator;
			};
			name = Release;
		};
/* End XCBuildConfiguration section */

/* Begin XCConfigurationList section */
		41704BB425CDE52B00941F84 /* Build configuration list for PBXProject "IMCCalculator" */ = {
			isa = XCConfigurationList;
			buildConfigurations = (
				41704BE125CDE52F00941F84 /* Debug */,
				41704BE225CDE52F00941F84 /* Release */,
			);
			defaultConfigurationIsVisible = 0;
			defaultConfigurationName = Release;
		};
		41704BE325CDE52F00941F84 /* Build configuration list for PBXNativeTarget "IMCCalculator" */ = {
			isa = XCConfigurationList;
			buildConfigurations = (
				41704BE425CDE52F00941F84 /* Debug */,
				41704BE525CDE52F00941F84 /* Release */,
			);
			defaultConfigurationIsVisible = 0;
			defaultConfigurationName = Release;
		};
		41704BE625CDE52F00941F84 /* Build configuration list for PBXNativeTarget "IMCCalculatorTests" */ = {
			isa = XCConfigurationList;
			buildConfigurations = (
				41704BE725CDE52F00941F84 /* Debug */,
				41704BE825CDE52F00941F84 /* Release */,
			);
			defaultConfigurationIsVisible = 0;
			defaultConfigurationName = Release;
		};
		41704BE925CDE52F00941F84 /* Build configuration list for PBXNativeTarget "IMCCalculatorUITests" */ = {
			isa = XCConfigurationList;
			buildConfigurations = (
				41704BEA25CDE52F00941F84 /* Debug */,
				41704BEB25CDE52F00941F84 /* Release */,
			);
			defaultConfigurationIsVisible = 0;
			defaultConfigurationName = Release;
		};
/* End XCConfigurationList section */
	};
	rootObject = 41704BB125CDE52B00941F84 /* Project object */;
}
